
Microsoft Visual Studio Solution File, Format Version 12.00
# Visual Studio Version 17
VisualStudioVersion = 17.2.32616.157
MinimumVisualStudioVersion = 10.0.40219.1
Project("{FAE04EC0-301F-11D3-BF4B-00C04F79EFBC}") = "Business", "ConsoleApp1\Business.csproj", "{B4527649-26C0-41B9-ABCB-790ACE3638C7}"
EndProject
Global
	GlobalSection(SolutionConfigurationPlatforms) = preSolution
		Debug|Any CPU = Debug|Any CPU
		Release|Any CPU = Release|Any CPU
	EndGlobalSection
	GlobalSection(ProjectConfigurationPlatforms) = postSolution
		{B4527649-26C0-41B9-ABCB-790ACE3638C7}.Debug|Any CPU.ActiveCfg = Debug|Any CPU
		{B4527649-26C0-41B9-ABCB-790ACE3638C7}.Debug|Any CPU.Build.0 = Debug|Any CPU
		{B4527649-26C0-41B9-ABCB-790ACE3638C7}.Release|Any CPU.ActiveCfg = Release|Any CPU
		{B4527649-26C0-41B9-ABCB-790ACE3638C7}.Release|Any CPU.Build.0 = Release|Any CPU
	EndGlobalSection
	GlobalSection(SolutionProperties) = preSolution
		HideSolutionNode = FALSE
	EndGlobalSection
	GlobalSection(ExtensibilityGlobals) = postSolution
		SolutionGuid = {90C08E34-C37D-4E73-B618-F1B8AAEF3B3F}
	EndGlobalSection
EndGlobal
